
Microsoft Visual Studio Solution File, Format Version 12.00
# Visual Studio Version 17
VisualStudioVersion = 17.2.32616.157
MinimumVisualStudioVersion = 10.0.40219.1
Project("{FAE04EC0-301F-11D3-BF4B-00C04F79EFBC}") = "TabbedPageNavigation1.Android", "TabbedPageNavigation1\TabbedPageNavigation1.Android\TabbedPageNavigation1.Android.csproj", "{6E130628-C327-4920-AA36-D19BF45806BB}"
EndProject
Project("{FAE04EC0-301F-11D3-BF4B-00C04F79EFBC}") = "TabbedPageNavigation1.iOS", "TabbedPageNavigation1\TabbedPageNavigation1.iOS\TabbedPageNavigation1.iOS.csproj", "{A124C869-06D4-4FA8-9F02-EABC7C326CE8}"
EndProject
Project("{FAE04EC0-301F-11D3-BF4B-00C04F79EFBC}") = "TabbedPageNavigation1", "TabbedPageNavigation1\TabbedPageNavigation1\TabbedPageNavigation1.csproj", "{20966E69-F9D5-4F1F-BD39-E8F9A6D71A2D}"
EndProject
Global
	GlobalSection(SolutionConfigurationPlatforms) = preSolution
		Debug|Any CPU = Debug|Any CPU
		Debug|iPhone = Debug|iPhone
		Debug|iPhoneSimulator = Debug|iPhoneSimulator
		Release|Any CPU = Release|Any CPU
		Release|iPhone = Release|iPhone
		Release|iPhoneSimulator = Release|iPhoneSimulator
	EndGlobalSection
	GlobalSection(ProjectConfigurationPlatforms) = postSolution
		{6E130628-C327-4920-AA36-D19BF45806BB}.Debug|Any CPU.ActiveCfg = Debug|Any CPU
		{6E130628-C327-4920-AA36-D19BF45806BB}.Debug|Any CPU.Build.0 = Debug|Any CPU
		{6E130628-C327-4920-AA36-D19BF45806BB}.Debug|Any CPU.Deploy.0 = Debug|Any CPU
		{6E130628-C327-4920-AA36-D19BF45806BB}.Debug|iPhone.ActiveCfg = Debug|Any CPU
		{6E130628-C327-4920-AA36-D19BF45806BB}.Debug|iPhone.Build.0 = Debug|Any CPU
		{6E130628-C327-4920-AA36-D19BF45806BB}.Debug|iPhone.Deploy.0 = Debug|Any CPU
		{6E130628-C327-4920-AA36-D19BF45806BB}.Debug|iPhoneSimulator.ActiveCfg = Debug|Any CPU
		{6E130628-C327-4920-AA36-D19BF45806BB}.Debug|iPhoneSimulator.Build.0 = Debug|Any CPU
		{6E130628-C327-4920-AA36-D19BF45806BB}.Debug|iPhoneSimulator.Deploy.0 = Debug|Any CPU
		{6E130628-C327-4920-AA36-D19BF45806BB}.Release|Any CPU.ActiveCfg = Release|Any CPU
		{6E130628-C327-4920-AA36-D19BF45806BB}.Release|Any CPU.Build.0 = Release|Any CPU
		{6E130628-C327-4920-AA36-D19BF45806BB}.Release|Any CPU.Deploy.0 = Release|Any CPU
		{6E130628-C327-4920-AA36-D19BF45806BB}.Release|iPhone.ActiveCfg = Release|Any CPU
		{6E130628-C327-4920-AA36-D19BF45806BB}.Release|iPhone.Build.0 = Release|Any CPU
		{6E130628-C327-4920-AA36-D19BF45806BB}.Release|iPhone.Deploy.0 = Release|Any CPU
		{6E130628-C327-4920-AA36-D19BF45806BB}.Release|iPhoneSimulator.ActiveCfg = Release|Any CPU
		{6E130628-C327-4920-AA36-D19BF45806BB}.Release|iPhoneSimulator.Build.0 = Release|Any CPU
		{6E130628-C327-4920-AA36-D19BF45806BB}.Release|iPhoneSimulator.Deploy.0 = Release|Any CPU
		{A124C869-06D4-4FA8-9F02-EABC7C326CE8}.Debug|Any CPU.ActiveCfg = Debug|iPhone
		{A124C869-06D4-4FA8-9F02-EABC7C326CE8}.Debug|Any CPU.Build.0 = Debug|iPhone
		{A124C869-06D4-4FA8-9F02-EABC7C326CE8}.Debug|Any CPU.Deploy.0 = Debug|iPhone
		{A124C869-06D4-4FA8-9F02-EABC7C326CE8}.Debug|iPhone.ActiveCfg = Debug|iPhone
		{A124C869-06D4-4FA8-9F02-EABC7C326CE8}.Debug|iPhone.Build.0 = Debug|iPhone
		{A124C869-06D4-4FA8-9F02-EABC7C326CE8}.Debug|iPhone.Deploy.0 = Debug|iPhone
		{A124C869-06D4-4FA8-9F02-EABC7C326CE8}.Debug|iPhoneSimulator.ActiveCfg = Debug|iPhoneSimulator
		{A124C869-06D4-4FA8-9F02-EABC7C326CE8}.Debug|iPhoneSimulator.Build.0 = Debug|iPhoneSimulator
		{A124C869-06D4-4FA8-9F02-EABC7C326CE8}.Debug|iPhoneSimulator.Deploy.0 = Debug|iPhoneSimulator
		{A124C869-06D4-4FA8-9F02-EABC7C326CE8}.Release|Any CPU.ActiveCfg = Release|iPhoneSimulator
		{A124C869-06D4-4FA8-9F02-EABC7C326CE8}.Release|Any CPU.Build.0 = Release|iPhoneSimulator
		{A124C869-06D4-4FA8-9F02-EABC7C326CE8}.Release|Any CPU.Deploy.0 = Release|iPhoneSimulator
		{A124C869-06D4-4FA8-9F02-EABC7C326CE8}.Release|iPhone.ActiveCfg = Release|iPhone
		{A124C869-06D4-4FA8-9F02-EABC7C326CE8}.Release|iPhone.Build.0 = Release|iPhone
		{A124C869-06D4-4FA8-9F02-EABC7C326CE8}.Release|iPhone.Deploy.0 = Release|iPhone
		{A124C869-06D4-4FA8-9F02-EABC7C326CE8}.Release|iPhoneSimulator.ActiveCfg = Release|iPhoneSimulator
		{A124C869-06D4-4FA8-9F02-EABC7C326CE8}.Release|iPhoneSimulator.Build.0 = Release|iPhoneSimulator
		{A124C869-06D4-4FA8-9F02-EABC7C326CE8}.Release|iPhoneSimulator.Deploy.0 = Release|iPhoneSimulator
		{20966E69-F9D5-4F1F-BD39-E8F9A6D71A2D}.Debug|Any CPU.ActiveCfg = Debug|Any CPU
		{20966E69-F9D5-4F1F-BD39-E8F9A6D71A2D}.Debug|Any CPU.Build.0 = Debug|Any CPU
		{20966E69-F9D5-4F1F-BD39-E8F9A6D71A2D}.Debug|Any CPU.Deploy.0 = Debug|Any CPU
		{20966E69-F9D5-4F1F-BD39-E8F9A6D71A2D}.Debug|iPhone.ActiveCfg = Debug|Any CPU
		{20966E69-F9D5-4F1F-BD39-E8F9A6D71A2D}.Debug|iPhone.Build.0 = Debug|Any CPU
		{20966E69-F9D5-4F1F-BD39-E8F9A6D71A2D}.Debug|iPhone.Deploy.0 = Debug|Any CPU
		{20966E69-F9D5-4F1F-BD39-E8F9A6D71A2D}.Debug|iPhoneSimulator.ActiveCfg = Debug|Any CPU
		{20966E69-F9D5-4F1F-BD39-E8F9A6D71A2D}.Debug|iPhoneSimulator.Build.0 = Debug|Any CPU
		{20966E69-F9D5-4F1F-BD39-E8F9A6D71A2D}.Debug|iPhoneSimulator.Deploy.0 = Debug|Any CPU
		{20966E69-F9D5-4F1F-BD39-E8F9A6D71A2D}.Release|Any CPU.ActiveCfg = Release|Any CPU
		{20966E69-F9D5-4F1F-BD39-E8F9A6D71A2D}.Release|Any CPU.Build.0 = Release|Any CPU
		{20966E69-F9D5-4F1F-BD39-E8F9A6D71A2D}.Release|Any CPU.Deploy.0 = Release|Any CPU
		{20966E69-F9D5-4F1F-BD39-E8F9A6D71A2D}.Release|iPhone.ActiveCfg = Release|Any CPU
		{20966E69-F9D5-4F1F-BD39-E8F9A6D71A2D}.Release|iPhone.Build.0 = Release|Any CPU
		{20966E69-F9D5-4F1F-BD39-E8F9A6D71A2D}.Release|iPhone.Deploy.0 = Release|Any CPU
		{20966E69-F9D5-4F1F-BD39-E8F9A6D71A2D}.Release|iPhoneSimulator.ActiveCfg = Release|Any CPU
		{20966E69-F9D5-4F1F-BD39-E8F9A6D71A2D}.Release|iPhoneSimulator.Build.0 = Release|Any CPU
		{20966E69-F9D5-4F1F-BD39-E8F9A6D71A2D}.Release|iPhoneSimulator.Deploy.0 = Release|Any CPU
	EndGlobalSection
	GlobalSection(SolutionProperties) = preSolution
		HideSolutionNode = FALSE
	EndGlobalSection
	GlobalSection(ExtensibilityGlobals) = postSolution
		SolutionGuid = {CC91A640-5E24-4955-985D-1FBA0D25215D}
	EndGlobalSection
EndGlobal
