
Microsoft Visual Studio Solution File, Format Version 12.00
# Visual Studio Version 17
VisualStudioVersion = 17.2.32616.157
MinimumVisualStudioVersion = 10.0.40219.1
Project("{FAE04EC0-301F-11D3-BF4B-00C04F79EFBC}") = "App7.Android", "App7\App7.Android\App7.Android.csproj", "{6C013586-9FE9-43CE-8B10-7D0A272E0A1E}"
EndProject
Project("{FAE04EC0-301F-11D3-BF4B-00C04F79EFBC}") = "App7", "App7\App7\App7.csproj", "{8456E5D7-9155-49C2-B79F-F20F9DA0BBF7}"
EndProject
Global
	GlobalSection(SolutionConfigurationPlatforms) = preSolution
		Debug|Any CPU = Debug|Any CPU
		Release|Any CPU = Release|Any CPU
	EndGlobalSection
	GlobalSection(ProjectConfigurationPlatforms) = postSolution
		{6C013586-9FE9-43CE-8B10-7D0A272E0A1E}.Debug|Any CPU.ActiveCfg = Debug|Any CPU
		{6C013586-9FE9-43CE-8B10-7D0A272E0A1E}.Debug|Any CPU.Build.0 = Debug|Any CPU
		{6C013586-9FE9-43CE-8B10-7D0A272E0A1E}.Debug|Any CPU.Deploy.0 = Debug|Any CPU
		{6C013586-9FE9-43CE-8B10-7D0A272E0A1E}.Release|Any CPU.ActiveCfg = Release|Any CPU
		{6C013586-9FE9-43CE-8B10-7D0A272E0A1E}.Release|Any CPU.Build.0 = Release|Any CPU
		{6C013586-9FE9-43CE-8B10-7D0A272E0A1E}.Release|Any CPU.Deploy.0 = Release|Any CPU
		{8456E5D7-9155-49C2-B79F-F20F9DA0BBF7}.Debug|Any CPU.ActiveCfg = Debug|Any CPU
		{8456E5D7-9155-49C2-B79F-F20F9DA0BBF7}.Debug|Any CPU.Build.0 = Debug|Any CPU
		{8456E5D7-9155-49C2-B79F-F20F9DA0BBF7}.Debug|Any CPU.Deploy.0 = Debug|Any CPU
		{8456E5D7-9155-49C2-B79F-F20F9DA0BBF7}.Release|Any CPU.ActiveCfg = Release|Any CPU
		{8456E5D7-9155-49C2-B79F-F20F9DA0BBF7}.Release|Any CPU.Build.0 = Release|Any CPU
		{8456E5D7-9155-49C2-B79F-F20F9DA0BBF7}.Release|Any CPU.Deploy.0 = Release|Any CPU
	EndGlobalSection
	GlobalSection(SolutionProperties) = preSolution
		HideSolutionNode = FALSE
	EndGlobalSection
	GlobalSection(ExtensibilityGlobals) = postSolution
		SolutionGuid = {17EBE869-7EC7-4078-A7AE-4DA64E12DACD}
	EndGlobalSection
EndGlobal
