
Microsoft Visual Studio Solution File, Format Version 12.00
# Visual Studio Version 17
VisualStudioVersion = 17.2.32616.157
MinimumVisualStudioVersion = 10.0.40219.1
Project("{FAE04EC0-301F-11D3-BF4B-00C04F79EFBC}") = "Encapsulation", "Encapsulation\Encapsulation.csproj", "{7017043E-5422-42C4-AF86-C0D7B1E84D8F}"
EndProject
Global
	GlobalSection(SolutionConfigurationPlatforms) = preSolution
		Debug|Any CPU = Debug|Any CPU
		Release|Any CPU = Release|Any CPU
	EndGlobalSection
	GlobalSection(ProjectConfigurationPlatforms) = postSolution
		{7017043E-5422-42C4-AF86-C0D7B1E84D8F}.Debug|Any CPU.ActiveCfg = Debug|Any CPU
		{7017043E-5422-42C4-AF86-C0D7B1E84D8F}.Debug|Any CPU.Build.0 = Debug|Any CPU
		{7017043E-5422-42C4-AF86-C0D7B1E84D8F}.Release|Any CPU.ActiveCfg = Release|Any CPU
		{7017043E-5422-42C4-AF86-C0D7B1E84D8F}.Release|Any CPU.Build.0 = Release|Any CPU
	EndGlobalSection
	GlobalSection(SolutionProperties) = preSolution
		HideSolutionNode = FALSE
	EndGlobalSection
	GlobalSection(ExtensibilityGlobals) = postSolution
		SolutionGuid = {1F251F72-7186-4664-9B23-A26674966D69}
	EndGlobalSection
EndGlobal
