
Microsoft Visual Studio Solution File, Format Version 12.00
# Visual Studio Version 17
VisualStudioVersion = 17.2.32616.157
MinimumVisualStudioVersion = 10.0.40219.1
Project("{FAE04EC0-301F-11D3-BF4B-00C04F79EFBC}") = "App6.Android", "App6\App6.Android\App6.Android.csproj", "{F4EF6969-88C1-4C02-831D-3057FD2735EB}"
EndProject
Project("{FAE04EC0-301F-11D3-BF4B-00C04F79EFBC}") = "App6", "App6\App6\App6.csproj", "{6027F9A4-EA46-48F6-8913-FCB6E7156810}"
EndProject
Global
	GlobalSection(SolutionConfigurationPlatforms) = preSolution
		Debug|Any CPU = Debug|Any CPU
		Release|Any CPU = Release|Any CPU
	EndGlobalSection
	GlobalSection(ProjectConfigurationPlatforms) = postSolution
		{F4EF6969-88C1-4C02-831D-3057FD2735EB}.Debug|Any CPU.ActiveCfg = Debug|Any CPU
		{F4EF6969-88C1-4C02-831D-3057FD2735EB}.Debug|Any CPU.Build.0 = Debug|Any CPU
		{F4EF6969-88C1-4C02-831D-3057FD2735EB}.Debug|Any CPU.Deploy.0 = Debug|Any CPU
		{F4EF6969-88C1-4C02-831D-3057FD2735EB}.Release|Any CPU.ActiveCfg = Release|Any CPU
		{F4EF6969-88C1-4C02-831D-3057FD2735EB}.Release|Any CPU.Build.0 = Release|Any CPU
		{F4EF6969-88C1-4C02-831D-3057FD2735EB}.Release|Any CPU.Deploy.0 = Release|Any CPU
		{6027F9A4-EA46-48F6-8913-FCB6E7156810}.Debug|Any CPU.ActiveCfg = Debug|Any CPU
		{6027F9A4-EA46-48F6-8913-FCB6E7156810}.Debug|Any CPU.Build.0 = Debug|Any CPU
		{6027F9A4-EA46-48F6-8913-FCB6E7156810}.Debug|Any CPU.Deploy.0 = Debug|Any CPU
		{6027F9A4-EA46-48F6-8913-FCB6E7156810}.Release|Any CPU.ActiveCfg = Release|Any CPU
		{6027F9A4-EA46-48F6-8913-FCB6E7156810}.Release|Any CPU.Build.0 = Release|Any CPU
		{6027F9A4-EA46-48F6-8913-FCB6E7156810}.Release|Any CPU.Deploy.0 = Release|Any CPU
	EndGlobalSection
	GlobalSection(SolutionProperties) = preSolution
		HideSolutionNode = FALSE
	EndGlobalSection
	GlobalSection(ExtensibilityGlobals) = postSolution
		SolutionGuid = {ED92915C-0E71-4F0F-BE3B-417C8C388F60}
	EndGlobalSection
EndGlobal
