
Microsoft Visual Studio Solution File, Format Version 12.00
# Visual Studio Version 17
VisualStudioVersion = 17.2.32616.157
MinimumVisualStudioVersion = 10.0.40219.1
Project("{FAE04EC0-301F-11D3-BF4B-00C04F79EFBC}") = "DataBindingDemos.Android", "DataBindingDemos\DataBindingDemos.Android\DataBindingDemos.Android.csproj", "{C499175E-4B2D-4445-8402-11B860C61DB3}"
EndProject
Project("{FAE04EC0-301F-11D3-BF4B-00C04F79EFBC}") = "DataBindingDemos", "DataBindingDemos\DataBindingDemos\DataBindingDemos.csproj", "{F63290A8-BB51-4DF0-84CF-581E4F19EDFE}"
EndProject
Global
	GlobalSection(SolutionConfigurationPlatforms) = preSolution
		Debug|Any CPU = Debug|Any CPU
		Release|Any CPU = Release|Any CPU
	EndGlobalSection
	GlobalSection(ProjectConfigurationPlatforms) = postSolution
		{C499175E-4B2D-4445-8402-11B860C61DB3}.Debug|Any CPU.ActiveCfg = Debug|Any CPU
		{C499175E-4B2D-4445-8402-11B860C61DB3}.Debug|Any CPU.Build.0 = Debug|Any CPU
		{C499175E-4B2D-4445-8402-11B860C61DB3}.Debug|Any CPU.Deploy.0 = Debug|Any CPU
		{C499175E-4B2D-4445-8402-11B860C61DB3}.Release|Any CPU.ActiveCfg = Release|Any CPU
		{C499175E-4B2D-4445-8402-11B860C61DB3}.Release|Any CPU.Build.0 = Release|Any CPU
		{C499175E-4B2D-4445-8402-11B860C61DB3}.Release|Any CPU.Deploy.0 = Release|Any CPU
		{F63290A8-BB51-4DF0-84CF-581E4F19EDFE}.Debug|Any CPU.ActiveCfg = Debug|Any CPU
		{F63290A8-BB51-4DF0-84CF-581E4F19EDFE}.Debug|Any CPU.Build.0 = Debug|Any CPU
		{F63290A8-BB51-4DF0-84CF-581E4F19EDFE}.Debug|Any CPU.Deploy.0 = Debug|Any CPU
		{F63290A8-BB51-4DF0-84CF-581E4F19EDFE}.Release|Any CPU.ActiveCfg = Release|Any CPU
		{F63290A8-BB51-4DF0-84CF-581E4F19EDFE}.Release|Any CPU.Build.0 = Release|Any CPU
		{F63290A8-BB51-4DF0-84CF-581E4F19EDFE}.Release|Any CPU.Deploy.0 = Release|Any CPU
	EndGlobalSection
	GlobalSection(SolutionProperties) = preSolution
		HideSolutionNode = FALSE
	EndGlobalSection
	GlobalSection(ExtensibilityGlobals) = postSolution
		SolutionGuid = {2A67A0F4-D6F3-4CB5-9CC0-8FEF6BD16CE4}
	EndGlobalSection
EndGlobal
