
Microsoft Visual Studio Solution File, Format Version 12.00
# Visual Studio Version 17
VisualStudioVersion = 17.2.32616.157
MinimumVisualStudioVersion = 10.0.40219.1
Project("{FAE04EC0-301F-11D3-BF4B-00C04F79EFBC}") = "Abstraction", "Abstraction\Abstraction.csproj", "{19997CAB-4CAE-4719-BAA5-56CECA111933}"
EndProject
Global
	GlobalSection(SolutionConfigurationPlatforms) = preSolution
		Debug|Any CPU = Debug|Any CPU
		Release|Any CPU = Release|Any CPU
	EndGlobalSection
	GlobalSection(ProjectConfigurationPlatforms) = postSolution
		{19997CAB-4CAE-4719-BAA5-56CECA111933}.Debug|Any CPU.ActiveCfg = Debug|Any CPU
		{19997CAB-4CAE-4719-BAA5-56CECA111933}.Debug|Any CPU.Build.0 = Debug|Any CPU
		{19997CAB-4CAE-4719-BAA5-56CECA111933}.Release|Any CPU.ActiveCfg = Release|Any CPU
		{19997CAB-4CAE-4719-BAA5-56CECA111933}.Release|Any CPU.Build.0 = Release|Any CPU
	EndGlobalSection
	GlobalSection(SolutionProperties) = preSolution
		HideSolutionNode = FALSE
	EndGlobalSection
	GlobalSection(ExtensibilityGlobals) = postSolution
		SolutionGuid = {493C0829-2D9A-469C-B719-4A6DFBBA7095}
	EndGlobalSection
EndGlobal
