
Microsoft Visual Studio Solution File, Format Version 12.00
# Visual Studio Version 17
VisualStudioVersion = 17.2.32616.157
MinimumVisualStudioVersion = 10.0.40219.1
Project("{FAE04EC0-301F-11D3-BF4B-00C04F79EFBC}") = "BoxViewClock.Android", "BoxViewClock\BoxViewClock.Android\BoxViewClock.Android.csproj", "{55DF808E-A634-4B0A-8116-EDF93DBA10C2}"
EndProject
Project("{FAE04EC0-301F-11D3-BF4B-00C04F79EFBC}") = "BoxViewClock", "BoxViewClock\BoxViewClock\BoxViewClock.csproj", "{467021F2-F49E-4FFB-A4AB-0875AD2388E2}"
EndProject
Global
	GlobalSection(SolutionConfigurationPlatforms) = preSolution
		Debug|Any CPU = Debug|Any CPU
		Release|Any CPU = Release|Any CPU
	EndGlobalSection
	GlobalSection(ProjectConfigurationPlatforms) = postSolution
		{55DF808E-A634-4B0A-8116-EDF93DBA10C2}.Debug|Any CPU.ActiveCfg = Debug|Any CPU
		{55DF808E-A634-4B0A-8116-EDF93DBA10C2}.Debug|Any CPU.Build.0 = Debug|Any CPU
		{55DF808E-A634-4B0A-8116-EDF93DBA10C2}.Debug|Any CPU.Deploy.0 = Debug|Any CPU
		{55DF808E-A634-4B0A-8116-EDF93DBA10C2}.Release|Any CPU.ActiveCfg = Release|Any CPU
		{55DF808E-A634-4B0A-8116-EDF93DBA10C2}.Release|Any CPU.Build.0 = Release|Any CPU
		{55DF808E-A634-4B0A-8116-EDF93DBA10C2}.Release|Any CPU.Deploy.0 = Release|Any CPU
		{467021F2-F49E-4FFB-A4AB-0875AD2388E2}.Debug|Any CPU.ActiveCfg = Debug|Any CPU
		{467021F2-F49E-4FFB-A4AB-0875AD2388E2}.Debug|Any CPU.Build.0 = Debug|Any CPU
		{467021F2-F49E-4FFB-A4AB-0875AD2388E2}.Debug|Any CPU.Deploy.0 = Debug|Any CPU
		{467021F2-F49E-4FFB-A4AB-0875AD2388E2}.Release|Any CPU.ActiveCfg = Release|Any CPU
		{467021F2-F49E-4FFB-A4AB-0875AD2388E2}.Release|Any CPU.Build.0 = Release|Any CPU
		{467021F2-F49E-4FFB-A4AB-0875AD2388E2}.Release|Any CPU.Deploy.0 = Release|Any CPU
	EndGlobalSection
	GlobalSection(SolutionProperties) = preSolution
		HideSolutionNode = FALSE
	EndGlobalSection
	GlobalSection(ExtensibilityGlobals) = postSolution
		SolutionGuid = {75ED8587-9308-4399-8A0A-736BDF16C267}
	EndGlobalSection
EndGlobal
